{
  "nodes": {
    "by-name": {
      "locked": {
        "lastModified": 1704508304,
        "narHash": "sha256-kZkUHXG7kJ/kNdzUWSB1ADBkLGz8RICJM0StkwEnS9Q=",
        "owner": "mightyiam",
        "repo": "by-name",
        "rev": "70be34d22afc10f8898180355178ad9f231e744b",
        "type": "github"
      },
      "original": {
        "owner": "mightyiam",
        "repo": "by-name",
        "type": "github"
      }
    },
    "crane": {
      "inputs": {
        "nixpkgs": [
          "nixpkgs"
        ]
      },
      "locked": {
        "lastModified": 1704300976,
        "narHash": "sha256-QLMpTrHxsND2T8+khAhLCqzOY/h2SzWS0s4Z7N2ds/E=",
        "owner": "ipetkov",
        "repo": "crane",
        "rev": "0efe36f9232e0961512572883ba9c995aa1f54b1",
        "type": "github"
      },
      "original": {
        "owner": "ipetkov",
        "repo": "crane",
        "type": "github"
      }
    },
    "fenix": {
      "inputs": {
        "nixpkgs": [
          "nixpkgs"
        ],
        "rust-analyzer-src": "rust-analyzer-src"
      },
      "locked": {
        "lastModified": 1704781388,
        "narHash": "sha256-QEmlnHkDkbDud5M+eXPvJpETXMaodtdM3fs635wzgfA=",
        "owner": "nix-community",
        "repo": "fenix",
        "rev": "50818d34497c48efbf21b965cf247bda90ffc7e0",
        "type": "github"
      },
      "original": {
        "owner": "nix-community",
        "repo": "fenix",
        "type": "github"
      }
    },
    "flake-utils": {
      "inputs": {
        "systems": "systems"
      },
      "locked": {
        "lastModified": 1701680307,
        "narHash": "sha256-kAuep2h5ajznlPMD9rnQyffWG8EM/C73lejGofXvdM8=",
        "owner": "numtide",
        "repo": "flake-utils",
        "rev": "4022d587cbbfd70fe950c1e2083a02621806a725",
        "type": "github"
      },
      "original": {
        "owner": "numtide",
        "repo": "flake-utils",
        "type": "github"
      }
    },
    "nixpkgs": {
      "locked": {
        "lastModified": 1701011409,
        "narHash": "sha256-r4DyaGc2zdT3CHm9fNYLgCzsBE4UltxSBWPew7aJsAs=",
        "owner": "NixOS",
        "repo": "nixpkgs",
        "rev": "fb22f402f47148b2f42d4767615abb367c1b7cfd",
        "type": "github"
      },
      "original": {
        "owner": "NixOS",
        "repo": "nixpkgs",
        "rev": "fb22f402f47148b2f42d4767615abb367c1b7cfd",
        "type": "github"
      }
    },
    "root": {
      "inputs": {
        "by-name": "by-name",
        "crane": "crane",
        "fenix": "fenix",
        "flake-utils": "flake-utils",
        "nixpkgs": "nixpkgs",
        "treefmt-nix": "treefmt-nix"
      }
    },
    "rust-analyzer-src": {
      "flake": false,
      "locked": {
        "lastModified": 1704734508,
        "narHash": "sha256-avMO21rwRepZXP3yJEgQDuFTatreWwyI6pau1jzuMtA=",
        "owner": "rust-lang",
        "repo": "rust-analyzer",
        "rev": "12e7aa3132217cc6a6c1151d468be35d7b365999",
        "type": "github"
      },
      "original": {
        "owner": "rust-lang",
        "ref": "nightly",
        "repo": "rust-analyzer",
        "type": "github"
      }
    },
    "systems": {
      "locked": {
        "lastModified": 1681028828,
        "narHash": "sha256-Vy1rq5AaRuLzOxct8nz4T6wlgyUR7zLU309k9mBC768=",
        "owner": "nix-systems",
        "repo": "default",
        "rev": "da67096a3b9bf56a91d16901293e51ba5b49a27e",
        "type": "github"
      },
      "original": {
        "owner": "nix-systems",
        "repo": "default",
        "type": "github"
      }
    },
    "treefmt-nix": {
      "inputs": {
        "nixpkgs": [
          "nixpkgs"
        ]
      },
      "locked": {
        "lastModified": 1702281974,
        "narHash": "sha256-OX6umqmLlRKKX0yEfQBmMx8pDNHtxp+sGTLyFh8kLG8=",
        "owner": "numtide",
        "repo": "treefmt-nix",
        "rev": "5ff2cdbe0db6a6f3445f7d878cb87d121d914d83",
        "type": "github"
      },
      "original": {
        "owner": "numtide",
        "repo": "treefmt-nix",
        "type": "github"
      }
    }
  },
  "root": "root",
  "version": 7
}
